# apss.lock  -  AUTO-GENERATED by `apss install`. Do not edit manually.

schema = "apss.lock/v1"

[core]
version = "1.6.0"
checksum = ""

[[package]]
id = "EXP-V1-0006"
slug = "workspace"
crate_name = "apss-v1-0006-workspace"
version = "0.1.0"
checksum = ""
source = "registry+https://crates.io"
substandards = []
